{
    "_readme": [
        "This file locks the dependencies of your project to a known state",
        "Read more about it at https://getcomposer.org/doc/01-basic-usage.md#installing-dependencies",
        "This file is @generated automatically"
    ],
    "content-hash": "267a603e6eb050f2319a5a2a844fa74d",
    "packages": [
        {
            "name": "setasign/tfpdf",
            "version": "1.31.1",
            "source": {
                "type": "git",
                "url": "https://github.com/Setasign/tFPDF.git",
                "reference": "a55066212cce37a7246b7d4e332c4294ee46b257"
            },
            "dist": {
                "type": "zip",
                "url": "https://api.github.com/repos/Setasign/tFPDF/zipball/a55066212cce37a7246b7d4e332c4294ee46b257",
                "reference": "a55066212cce37a7246b7d4e332c4294ee46b257",
                "shasum": ""
            },
            "type": "library",
            "autoload": {
                "classmap": [
                    "tfpdf.php",
                    "font/unifont/ttfonts.php"
                ]
            },
            "notification-url": "https://packagist.org/downloads/",
            "license": [
                "LGPL-2.1"
            ],
            "authors": [
                {
                    "name": "Ian Back"
                },
                {
                    "name": "Tycho Veltmeijer",
                    "email": "tfpdf@tychoveltmeijer.nl",
                    "role": "Maintainer"
                },
                {
                    "name": "Olivier Plathey",
                    "email": "oliver@fpdf.org",
                    "homepage": "http://fpdf.org/"
                }
            ],
            "description": "This class is a modified version of FPDF that adds UTF-8 support. As of version 1.31 it is based on FPDF 1.82. Before it was based on FPDF 1.7.",
            "homepage": "http://fpdf.org/en/script/script92.php",
            "keywords": [
                "fpdf",
                "pdf",
                "tfpdf",
                "unicode"
            ],
            "time": "2020-02-25T14:34:53+00:00"
        }
    ],
    "packages-dev": [],
    "aliases": [],
    "minimum-stability": "stable",
    "stability-flags": [],
    "prefer-stable": false,
    "prefer-lowest": false,
    "platform": [],
    "platform-dev": [],
    "plugin-api-version": "1.1.0"
}
